
Microsoft Visual Studio Solution File, Format Version 12.00
# Visual Studio Version 17
VisualStudioVersion = 17.8.34330.188
MinimumVisualStudioVersion = 10.0.40219.1
Project("{9A19103F-16F7-4668-BE54-9A1E7A4F7556}") = "eShop.Data", "eShop.Data\eShop.Data.csproj", "{4962CC51-33AA-4DB1-B4D0-9A4DD72583B4}"
EndProject
Project("{9A19103F-16F7-4668-BE54-9A1E7A4F7556}") = "eShop.Data.Shared", "eShop.Data.Shared\eShop.Data.Shared.csproj", "{7D60D421-11E4-4F8A-B02A-561B265190B5}"
EndProject
Project("{9A19103F-16F7-4668-BE54-9A1E7A4F7556}") = "eShop.API.Category", "eShop.API.Category\eShop.API.Category.csproj", "{4050E6C9-AAC6-4565-BF62-AF54BE5E75BB}"
EndProject
Project("{9A19103F-16F7-4668-BE54-9A1E7A4F7556}") = "eShop.API.Extensions", "eShop.API.Extensions\eShop.API.Extensions.csproj", "{EEC8F151-31DE-438F-B7CB-861EFF9EEBD5}"
EndProject
Project("{9A19103F-16F7-4668-BE54-9A1E7A4F7556}") = "eShop.API.DTO", "eShop.API.DTO\eShop.API.DTO.csproj", "{C85D456D-FACA-4577-965D-42CFA388327F}"
EndProject
Project("{9A19103F-16F7-4668-BE54-9A1E7A4F7556}") = "eShop.UI", "eShop.UI\eShop.UI.csproj", "{A79123ED-D93C-46E2-9EFA-EDCBEB343C9B}"
EndProject
Global
	GlobalSection(SolutionConfigurationPlatforms) = preSolution
		Debug|Any CPU = Debug|Any CPU
		Release|Any CPU = Release|Any CPU
	EndGlobalSection
	GlobalSection(ProjectConfigurationPlatforms) = postSolution
		{4962CC51-33AA-4DB1-B4D0-9A4DD72583B4}.Debug|Any CPU.ActiveCfg = Debug|Any CPU
		{4962CC51-33AA-4DB1-B4D0-9A4DD72583B4}.Debug|Any CPU.Build.0 = Debug|Any CPU
		{4962CC51-33AA-4DB1-B4D0-9A4DD72583B4}.Release|Any CPU.ActiveCfg = Release|Any CPU
		{4962CC51-33AA-4DB1-B4D0-9A4DD72583B4}.Release|Any CPU.Build.0 = Release|Any CPU
		{7D60D421-11E4-4F8A-B02A-561B265190B5}.Debug|Any CPU.ActiveCfg = Debug|Any CPU
		{7D60D421-11E4-4F8A-B02A-561B265190B5}.Debug|Any CPU.Build.0 = Debug|Any CPU
		{7D60D421-11E4-4F8A-B02A-561B265190B5}.Release|Any CPU.ActiveCfg = Release|Any CPU
		{7D60D421-11E4-4F8A-B02A-561B265190B5}.Release|Any CPU.Build.0 = Release|Any CPU
		{4050E6C9-AAC6-4565-BF62-AF54BE5E75BB}.Debug|Any CPU.ActiveCfg = Debug|Any CPU
		{4050E6C9-AAC6-4565-BF62-AF54BE5E75BB}.Debug|Any CPU.Build.0 = Debug|Any CPU
		{4050E6C9-AAC6-4565-BF62-AF54BE5E75BB}.Release|Any CPU.ActiveCfg = Release|Any CPU
		{4050E6C9-AAC6-4565-BF62-AF54BE5E75BB}.Release|Any CPU.Build.0 = Release|Any CPU
		{EEC8F151-31DE-438F-B7CB-861EFF9EEBD5}.Debug|Any CPU.ActiveCfg = Debug|Any CPU
		{EEC8F151-31DE-438F-B7CB-861EFF9EEBD5}.Debug|Any CPU.Build.0 = Debug|Any CPU
		{EEC8F151-31DE-438F-B7CB-861EFF9EEBD5}.Release|Any CPU.ActiveCfg = Release|Any CPU
		{EEC8F151-31DE-438F-B7CB-861EFF9EEBD5}.Release|Any CPU.Build.0 = Release|Any CPU
		{C85D456D-FACA-4577-965D-42CFA388327F}.Debug|Any CPU.ActiveCfg = Debug|Any CPU
		{C85D456D-FACA-4577-965D-42CFA388327F}.Debug|Any CPU.Build.0 = Debug|Any CPU
		{C85D456D-FACA-4577-965D-42CFA388327F}.Release|Any CPU.ActiveCfg = Release|Any CPU
		{C85D456D-FACA-4577-965D-42CFA388327F}.Release|Any CPU.Build.0 = Release|Any CPU
		{A79123ED-D93C-46E2-9EFA-EDCBEB343C9B}.Debug|Any CPU.ActiveCfg = Debug|Any CPU
		{A79123ED-D93C-46E2-9EFA-EDCBEB343C9B}.Debug|Any CPU.Build.0 = Debug|Any CPU
		{A79123ED-D93C-46E2-9EFA-EDCBEB343C9B}.Release|Any CPU.ActiveCfg = Release|Any CPU
		{A79123ED-D93C-46E2-9EFA-EDCBEB343C9B}.Release|Any CPU.Build.0 = Release|Any CPU
	EndGlobalSection
	GlobalSection(SolutionProperties) = preSolution
		HideSolutionNode = FALSE
	EndGlobalSection
	GlobalSection(ExtensibilityGlobals) = postSolution
		SolutionGuid = {91382EDA-8B04-407F-9F99-5F08EC4CC7FF}
	EndGlobalSection
EndGlobal
